{
  "name": "@techwavedev/agi-agent-kit",
  "version": "1.7.6",
  "lockfileVersion": 3,
  "requires": true,
  "packages": {
    "": {
      "name": "@techwavedev/agi-agent-kit",
      "version": "1.7.6",
      "license": "Apache-2.0",
      "bin": {
        "agi-agent-kit": "bin/init.js"
      },
      "engines": {
        "node": ">=16.0.0"
      }
    }
  }
}
